
Microsoft Visual Studio Solution File, Format Version 12.00
# Visual Studio Version 17
VisualStudioVersion = 17.13.35806.99 d17.13
MinimumVisualStudioVersion = 10.0.40219.1
Project("{FAE04EC0-301F-11D3-BF4B-00C04F79EFBC}") = "1-Cuenta", "1-Cuenta\1-Cuenta.csproj", "{0A85A638-F56B-4F35-B46E-7647031C5B4F}"
EndProject
Global
	GlobalSection(SolutionConfigurationPlatforms) = preSolution
		Debug|Any CPU = Debug|Any CPU
		Release|Any CPU = Release|Any CPU
	EndGlobalSection
	GlobalSection(ProjectConfigurationPlatforms) = postSolution
		{0A85A638-F56B-4F35-B46E-7647031C5B4F}.Debug|Any CPU.ActiveCfg = Debug|Any CPU
		{0A85A638-F56B-4F35-B46E-7647031C5B4F}.Debug|Any CPU.Build.0 = Debug|Any CPU
		{0A85A638-F56B-4F35-B46E-7647031C5B4F}.Release|Any CPU.ActiveCfg = Release|Any CPU
		{0A85A638-F56B-4F35-B46E-7647031C5B4F}.Release|Any CPU.Build.0 = Release|Any CPU
	EndGlobalSection
	GlobalSection(SolutionProperties) = preSolution
		HideSolutionNode = FALSE
	EndGlobalSection
	GlobalSection(ExtensibilityGlobals) = postSolution
		SolutionGuid = {E63F8E50-FF0A-4CD6-9B04-E4BFE8BC8BD8}
	EndGlobalSection
EndGlobal
