
Microsoft Visual Studio Solution File, Format Version 12.00
# Visual Studio Version 17
VisualStudioVersion = 17.13.35806.99 d17.13
MinimumVisualStudioVersion = 10.0.40219.1
Project("{FAE04EC0-301F-11D3-BF4B-00C04F79EFBC}") = "4-Password", "4-Password\4-Password.csproj", "{14720DAD-E5BD-4DB8-9507-6B5EE35D5981}"
EndProject
Global
	GlobalSection(SolutionConfigurationPlatforms) = preSolution
		Debug|Any CPU = Debug|Any CPU
		Release|Any CPU = Release|Any CPU
	EndGlobalSection
	GlobalSection(ProjectConfigurationPlatforms) = postSolution
		{14720DAD-E5BD-4DB8-9507-6B5EE35D5981}.Debug|Any CPU.ActiveCfg = Debug|Any CPU
		{14720DAD-E5BD-4DB8-9507-6B5EE35D5981}.Debug|Any CPU.Build.0 = Debug|Any CPU
		{14720DAD-E5BD-4DB8-9507-6B5EE35D5981}.Release|Any CPU.ActiveCfg = Release|Any CPU
		{14720DAD-E5BD-4DB8-9507-6B5EE35D5981}.Release|Any CPU.Build.0 = Release|Any CPU
	EndGlobalSection
	GlobalSection(SolutionProperties) = preSolution
		HideSolutionNode = FALSE
	EndGlobalSection
	GlobalSection(ExtensibilityGlobals) = postSolution
		SolutionGuid = {23CB4281-B590-42D7-A0A6-B796BC3906CE}
	EndGlobalSection
EndGlobal
