
Microsoft Visual Studio Solution File, Format Version 12.00
# Visual Studio Version 17
VisualStudioVersion = 17.13.35806.99 d17.13
MinimumVisualStudioVersion = 10.0.40219.1
Project("{FAE04EC0-301F-11D3-BF4B-00C04F79EFBC}") = "4-Password", "4-Password\4-Password.csproj", "{7296DA0A-0493-40DC-AFAE-62AD005A144A}"
EndProject
Global
	GlobalSection(SolutionConfigurationPlatforms) = preSolution
		Debug|Any CPU = Debug|Any CPU
		Release|Any CPU = Release|Any CPU
	EndGlobalSection
	GlobalSection(ProjectConfigurationPlatforms) = postSolution
		{7296DA0A-0493-40DC-AFAE-62AD005A144A}.Debug|Any CPU.ActiveCfg = Debug|Any CPU
		{7296DA0A-0493-40DC-AFAE-62AD005A144A}.Debug|Any CPU.Build.0 = Debug|Any CPU
		{7296DA0A-0493-40DC-AFAE-62AD005A144A}.Release|Any CPU.ActiveCfg = Release|Any CPU
		{7296DA0A-0493-40DC-AFAE-62AD005A144A}.Release|Any CPU.Build.0 = Release|Any CPU
	EndGlobalSection
	GlobalSection(SolutionProperties) = preSolution
		HideSolutionNode = FALSE
	EndGlobalSection
	GlobalSection(ExtensibilityGlobals) = postSolution
		SolutionGuid = {4FC8EF97-64B7-4666-B0CA-1AC4884CAF19}
	EndGlobalSection
EndGlobal
