
Microsoft Visual Studio Solution File, Format Version 12.00
# Visual Studio Version 17
VisualStudioVersion = 17.13.35806.99 d17.13
MinimumVisualStudioVersion = 10.0.40219.1
Project("{FAE04EC0-301F-11D3-BF4B-00C04F79EFBC}") = "Clases", "Clases\Clases.csproj", "{FC085C79-46FD-49B3-B37A-48FA1E45B060}"
EndProject
Global
	GlobalSection(SolutionConfigurationPlatforms) = preSolution
		Debug|Any CPU = Debug|Any CPU
		Release|Any CPU = Release|Any CPU
	EndGlobalSection
	GlobalSection(ProjectConfigurationPlatforms) = postSolution
		{FC085C79-46FD-49B3-B37A-48FA1E45B060}.Debug|Any CPU.ActiveCfg = Debug|Any CPU
		{FC085C79-46FD-49B3-B37A-48FA1E45B060}.Debug|Any CPU.Build.0 = Debug|Any CPU
		{FC085C79-46FD-49B3-B37A-48FA1E45B060}.Release|Any CPU.ActiveCfg = Release|Any CPU
		{FC085C79-46FD-49B3-B37A-48FA1E45B060}.Release|Any CPU.Build.0 = Release|Any CPU
	EndGlobalSection
	GlobalSection(SolutionProperties) = preSolution
		HideSolutionNode = FALSE
	EndGlobalSection
	GlobalSection(ExtensibilityGlobals) = postSolution
		SolutionGuid = {4DA15824-93D2-4AB2-B3ED-5EB8DD6A341B}
	EndGlobalSection
EndGlobal
