
Microsoft Visual Studio Solution File, Format Version 12.00
# Visual Studio Version 17
VisualStudioVersion = 17.13.35806.99 d17.13
MinimumVisualStudioVersion = 10.0.40219.1
Project("{FAE04EC0-301F-11D3-BF4B-00C04F79EFBC}") = "7-Electrodomestico + Herencia", "7-Electrodomestico + Herencia\7-Electrodomestico + Herencia.csproj", "{79DB0D87-868A-490F-B513-8BFC7508EF29}"
EndProject
Global
	GlobalSection(SolutionConfigurationPlatforms) = preSolution
		Debug|Any CPU = Debug|Any CPU
		Release|Any CPU = Release|Any CPU
	EndGlobalSection
	GlobalSection(ProjectConfigurationPlatforms) = postSolution
		{79DB0D87-868A-490F-B513-8BFC7508EF29}.Debug|Any CPU.ActiveCfg = Debug|Any CPU
		{79DB0D87-868A-490F-B513-8BFC7508EF29}.Debug|Any CPU.Build.0 = Debug|Any CPU
		{79DB0D87-868A-490F-B513-8BFC7508EF29}.Release|Any CPU.ActiveCfg = Release|Any CPU
		{79DB0D87-868A-490F-B513-8BFC7508EF29}.Release|Any CPU.Build.0 = Release|Any CPU
	EndGlobalSection
	GlobalSection(SolutionProperties) = preSolution
		HideSolutionNode = FALSE
	EndGlobalSection
	GlobalSection(ExtensibilityGlobals) = postSolution
		SolutionGuid = {954C193A-B7D6-4E57-9D3D-1E62C649067D}
	EndGlobalSection
EndGlobal
